# generated by rye
# use `rye lock` or `rye sync` to update this lockfile
#
# last locked with the following flags:
#   pre: false
#   features: []
#   all-features: false
#   with-sources: false

-e file:.
asciitree==0.3.3
    # via zarr
cufinufft==2.2.0
    # via mrboost
einops==0.8.0
    # via mrboost
fasteners==0.19
    # via zarr
filelock==3.14.0
    # via torch
    # via triton
fire==0.6.0
    # via mrboost
fsspec==2024.3.1
    # via torch
h5py==3.11.0
    # via mrboost
jax==0.4.26
    # via mrboost
jaxlib==0.4.26
    # via jax
jinja2==3.1.3
    # via torch
markupsafe==2.1.5
    # via jinja2
ml-dtypes==0.4.0
    # via jax
    # via jaxlib
mpmath==1.3.0
    # via sympy
networkx==3.3
    # via torch
nibabel==5.2.1
    # via mrboost
numcodecs==0.12.1
    # via zarr
numpy==1.26.4
    # via cufinufft
    # via h5py
    # via jax
    # via jaxlib
    # via ml-dtypes
    # via mrboost
    # via nibabel
    # via numcodecs
    # via opt-einsum
    # via pandas
    # via scipy
    # via torchkbnufft
    # via xarray
    # via zarr
nvidia-cublas-cu12==12.1.3.1
    # via nvidia-cudnn-cu12
    # via nvidia-cusolver-cu12
    # via torch
nvidia-cuda-cupti-cu12==12.1.105
    # via torch
nvidia-cuda-nvrtc-cu12==12.1.105
    # via torch
nvidia-cuda-runtime-cu12==12.1.105
    # via torch
nvidia-cudnn-cu12==8.9.2.26
    # via torch
nvidia-cufft-cu12==11.0.2.54
    # via torch
nvidia-curand-cu12==10.3.2.106
    # via torch
nvidia-cusolver-cu12==11.4.5.107
    # via torch
nvidia-cusparse-cu12==12.1.0.106
    # via nvidia-cusolver-cu12
    # via torch
nvidia-nccl-cu12==2.20.5
    # via torch
nvidia-nvjitlink-cu12==12.4.127
    # via nvidia-cusolver-cu12
    # via nvidia-cusparse-cu12
nvidia-nvtx-cu12==12.1.105
    # via torch
opt-einsum==3.3.0
    # via jax
packaging==24.0
    # via nibabel
    # via xarray
pandas==2.2.2
    # via xarray
pydicom==2.4.4
    # via mrboost
python-dateutil==2.9.0.post0
    # via pandas
pytz==2024.1
    # via pandas
scipy==1.13.0
    # via jax
    # via jaxlib
    # via mrboost
    # via torchkbnufft
six==1.16.0
    # via cufinufft
    # via fire
    # via python-dateutil
sympy==1.12
    # via torch
termcolor==2.4.0
    # via fire
toolz==0.12.1
    # via mrboost
torch==2.3.0
    # via mrboost
    # via torchkbnufft
torchkbnufft==1.4.0
    # via mrboost
tqdm==4.66.2
    # via mrboost
triton==2.3.0
    # via torch
typing-extensions==4.11.0
    # via torch
tzdata==2024.1
    # via pandas
xarray==2024.3.0
    # via mrboost
zarr==2.17.2
    # via mrboost
