# generated by rye
# use `rye lock` or `rye sync` to update this lockfile
#
# last locked with the following flags:
#   pre: false
#   features: []
#   all-features: false
#   with-sources: false

-e file:.
asciitree==0.3.3
    # via zarr
beartype==0.18.5
    # via plum-dispatch
contourpy==1.2.1
    # via matplotlib
cycler==0.12.1
    # via matplotlib
einops==0.8.0
    # via mrboost
fasteners==0.19
    # via zarr
filelock==3.14.0
    # via torch
finufft==2.2.0
    # via pytorch-finufft
fire==0.6.0
    # via mrboost
fonttools==4.52.1
    # via matplotlib
fsspec==2024.3.1
    # via torch
h5py==3.11.0
    # via mrboost
jax==0.4.26
    # via mrboost
jaxlib==0.4.26
    # via jax
jinja2==3.1.3
    # via torch
kiwisolver==1.4.5
    # via matplotlib
markdown-it-py==3.0.0
    # via rich
markupsafe==2.1.5
    # via jinja2
matplotlib==3.9.0
    # via mrboost
mdurl==0.1.2
    # via markdown-it-py
ml-dtypes==0.4.0
    # via jax
    # via jaxlib
mpmath==1.3.0
    # via sympy
networkx==3.3
    # via torch
nibabel==5.2.1
    # via mrboost
numcodecs==0.12.1
    # via zarr
numpy==1.26.4
    # via contourpy
    # via finufft
    # via h5py
    # via jax
    # via jaxlib
    # via matplotlib
    # via ml-dtypes
    # via mrboost
    # via nibabel
    # via numcodecs
    # via opt-einsum
    # via pandas
    # via pytorch-finufft
    # via scipy
    # via torchkbnufft
    # via xarray
    # via zarr
opt-einsum==3.3.0
    # via jax
packaging==24.0
    # via matplotlib
    # via nibabel
    # via xarray
pandas==2.2.2
    # via xarray
pillow==10.3.0
    # via matplotlib
plum-dispatch==2.3.6
    # via mrboost
pydicom==2.4.4
    # via mrboost
pygments==2.18.0
    # via rich
pyparsing==3.1.2
    # via matplotlib
python-dateutil==2.9.0.post0
    # via matplotlib
    # via pandas
pytorch-finufft @ git+https://github.com/flatironinstitute/pytorch-finufft.git@270369d4eaa6c770980871d3b73f0c1131a6571d
    # via mrboost
pytz==2024.1
    # via pandas
rich==13.7.1
    # via plum-dispatch
scipy==1.13.0
    # via jax
    # via jaxlib
    # via mrboost
    # via pytorch-finufft
    # via torchkbnufft
six==1.16.0
    # via fire
    # via python-dateutil
sympy==1.12
    # via torch
termcolor==2.4.0
    # via fire
torch==2.3.0
    # via mrboost
    # via pytorch-finufft
    # via torchkbnufft
torchkbnufft==1.4.0
    # via mrboost
tqdm==4.66.2
    # via mrboost
typing-extensions==4.11.0
    # via torch
tzdata==2024.1
    # via pandas
xarray==2024.3.0
    # via mrboost
zarr==2.17.2
    # via mrboost
